
Microsoft Visual Studio Solution File, Format Version 12.00
# Visual Studio Version 16
VisualStudioVersion = 16.0.30320.27
MinimumVisualStudioVersion = 10.0.40219.1
Project("{FAE04EC0-301F-11D3-BF4B-00C04F79EFBC}") = "PromotionEngine", "PromotionEngine\PromotionEngine.csproj", "{BD5686B1-1A65-48C3-8F42-2F30107382DD}"
EndProject
Global
	GlobalSection(SolutionConfigurationPlatforms) = preSolution
		Debug|Any CPU = Debug|Any CPU
		Release|Any CPU = Release|Any CPU
	EndGlobalSection
	GlobalSection(ProjectConfigurationPlatforms) = postSolution
		{BD5686B1-1A65-48C3-8F42-2F30107382DD}.Debug|Any CPU.ActiveCfg = Debug|Any CPU
		{BD5686B1-1A65-48C3-8F42-2F30107382DD}.Debug|Any CPU.Build.0 = Debug|Any CPU
		{BD5686B1-1A65-48C3-8F42-2F30107382DD}.Release|Any CPU.ActiveCfg = Release|Any CPU
		{BD5686B1-1A65-48C3-8F42-2F30107382DD}.Release|Any CPU.Build.0 = Release|Any CPU
	EndGlobalSection
	GlobalSection(SolutionProperties) = preSolution
		HideSolutionNode = FALSE
	EndGlobalSection
	GlobalSection(ExtensibilityGlobals) = postSolution
		SolutionGuid = {DCCCCCD4-13D3-4490-B821-0D2AA84041C6}
	EndGlobalSection
EndGlobal
